{
  "nodes": {
    "git-remote-gpg-encrypt": {
      "inputs": {
        "nixpkgs": [
          "nixpkgs"
        ]
      },
      "locked": {
        "lastModified": 1790427865,
        "narHash": "sha256-v0/6uRM2vIagjIw1fVKuxmhc7OJQCiItji7VMQS5TDs=",
        "owner": "vraravam",
        "repo": "git-remote-gpg-encrypt",
        "rev": "0281805350ce6f2816a2bd59677446442f9b2d55",
        "type": "github"
      },
      "original": {
        "owner": "vraravam",
        "repo": "git-remote-gpg-encrypt",
        "type": "github"
      }
    },
    "home-manager": {
      "inputs": {
        "nixpkgs": [
          "nixpkgs"
        ]
      },
      "locked": {
        "lastModified": 1790365885,
        "narHash": "sha256-iQ0ebhiVo64NktTnwft9hNxlFu4j5cvljVxyJaEVIP4=",
        "owner": "nix-community",
        "repo": "home-manager",
        "rev": "7b4c5ec4bedaf1e062bbc1bcaeddbc6bd242aa1b",
        "type": "github"
      },
      "original": {
        "owner": "nix-community",
        "repo": "home-manager",
        "type": "github"
      }
    },
    "nix-darwin": {
      "inputs": {
        "nixpkgs": [
          "nixpkgs"
        ]
      },
      "locked": {
        "lastModified": 1786845137,
        "narHash": "sha256-oQFip+v0luP8NIxJzmiW4Wu8bILsbFWom5l0zonl8hQ=",
        "owner": "LnL7",
        "repo": "nix-darwin",
        "rev": "4cff07de74b50e64bdd68cd4e722ab5b6b35ee48",
        "type": "github"
      },
      "original": {
        "owner": "LnL7",
        "repo": "nix-darwin",
        "type": "github"
      }
    },
    "nixpkgs": {
      "locked": {
        "lastModified": 1790390834,
        "narHash": "sha256-StRyS/lFHtIw/UgJk+xo+HA66mtoWeDUbkJdvf2Byn4=",
        "owner": "NixOS",
        "repo": "nixpkgs",
        "rev": "d54020a6ac3211e9f4201631bdf67678818c0cdf",
        "type": "github"
      },
      "original": {
        "owner": "NixOS",
        "ref": "nixpkgs-unstable",
        "repo": "nixpkgs",
        "type": "github"
      }
    },
    "root": {
      "inputs": {
        "git-remote-gpg-encrypt": "git-remote-gpg-encrypt",
        "home-manager": "home-manager",
        "nix-darwin": "nix-darwin",
        "nixpkgs": "nixpkgs"
      }
    }
  },
  "root": "root",
  "version": 7
}
